// !$*UTF8*$!
{
	archiveVersion = 1;
	classes = {
	};
	objectVersion = 56;
	objects = {

/* Begin PBXBuildFile section */
		722E0B242996B9D900779DBB /* AppDelegate.swift in Sources */ = {isa = PBXBuildFile; fileRef = 722E0B232996B9D900779DBB /* AppDelegate.swift */; };
		722E0B262996B9D900779DBB /* SceneDelegate.swift in Sources */ = {isa = PBXBuildFile; fileRef = 722E0B252996B9D900779DBB /* SceneDelegate.swift */; };
		722E0B2D2996B9DB00779DBB /* Assets.xcassets in Resources */ = {isa = PBXBuildFile; fileRef = 722E0B2C2996B9DB00779DBB /* Assets.xcassets */; };
		722E0B302996B9DB00779DBB /* LaunchScreen.storyboard in Resources */ = {isa = PBXBuildFile; fileRef = 722E0B2E2996B9DB00779DBB /* LaunchScreen.storyboard */; };
		722E0B3E2996BB9C00779DBB /* Array.swift in Sources */ = {isa = PBXBuildFile; fileRef = 722E0B3C2996BB9C00779DBB /* Array.swift */; };
		722E0B3F2996BB9C00779DBB /* UITableView.swift in Sources */ = {isa = PBXBuildFile; fileRef = 722E0B3D2996BB9C00779DBB /* UITableView.swift */; };
		722E0B4C2996BBA200779DBB /* SectionTag.swift in Sources */ = {isa = PBXBuildFile; fileRef = 722E0B412996BBA200779DBB /* SectionTag.swift */; };
		722E0B4D2996BBA200779DBB /* UIColor+HEX.swift in Sources */ = {isa = PBXBuildFile; fileRef = 722E0B432996BBA200779DBB /* UIColor+HEX.swift */; };
		722E0B4F2996BBA200779DBB /* Color.swift in Sources */ = {isa = PBXBuildFile; fileRef = 722E0B452996BBA200779DBB /* Color.swift */; };
		722E0B502996BBA200779DBB /* TagDatabase.swift in Sources */ = {isa = PBXBuildFile; fileRef = 722E0B462996BBA200779DBB /* TagDatabase.swift */; };
		722E0B512996BBA200779DBB /* TagViewModel+Color.swift in Sources */ = {isa = PBXBuildFile; fileRef = 722E0B482996BBA200779DBB /* TagViewModel+Color.swift */; };
		722E0B522996BBA200779DBB /* TagViewModel+LoopScrollModel.swift in Sources */ = {isa = PBXBuildFile; fileRef = 722E0B492996BBA200779DBB /* TagViewModel+LoopScrollModel.swift */; };
		722E0B532996BBA200779DBB /* TagViewModel.swift in Sources */ = {isa = PBXBuildFile; fileRef = 722E0B4A2996BBA200779DBB /* TagViewModel.swift */; };
		722E0B542996BBA200779DBB /* TagSectionViewModel.swift in Sources */ = {isa = PBXBuildFile; fileRef = 722E0B4B2996BBA200779DBB /* TagSectionViewModel.swift */; };
		722E0B6C2996BC0000779DBB /* CollectionViewCell.swift in Sources */ = {isa = PBXBuildFile; fileRef = 722E0B592996BC0000779DBB /* CollectionViewCell.swift */; };
		722E0B6D2996BC0000779DBB /* CollectionViewCell.xib in Resources */ = {isa = PBXBuildFile; fileRef = 722E0B5A2996BC0000779DBB /* CollectionViewCell.xib */; };
		722E0B6E2996BC0000779DBB /* FlexibleAreaCell.swift in Sources */ = {isa = PBXBuildFile; fileRef = 722E0B5C2996BC0000779DBB /* FlexibleAreaCell.swift */; };
		722E0B6F2996BC0000779DBB /* FlexibleAreaCell.xib in Resources */ = {isa = PBXBuildFile; fileRef = 722E0B5D2996BC0000779DBB /* FlexibleAreaCell.xib */; };
		722E0B702996BC0000779DBB /* LeftAlignCollectionViewFlowLayout.swift in Sources */ = {isa = PBXBuildFile; fileRef = 722E0B5F2996BC0000779DBB /* LeftAlignCollectionViewFlowLayout.swift */; };
		722E0B712996BC0000779DBB /* HorizontalDynamicItemWidthFlowLayout.swift in Sources */ = {isa = PBXBuildFile; fileRef = 722E0B602996BC0000779DBB /* HorizontalDynamicItemWidthFlowLayout.swift */; };
		722E0B722996BC0000779DBB /* HorizontalScrollCell.swift in Sources */ = {isa = PBXBuildFile; fileRef = 722E0B622996BC0000779DBB /* HorizontalScrollCell.swift */; };
		722E0B732996BC0000779DBB /* HorizontalScrollCell.xib in Resources */ = {isa = PBXBuildFile; fileRef = 722E0B632996BC0000779DBB /* HorizontalScrollCell.xib */; };
		722E0B742996BC0000779DBB /* CollectionLoopScrollManager.swift in Sources */ = {isa = PBXBuildFile; fileRef = 722E0B642996BC0000779DBB /* CollectionLoopScrollManager.swift */; };
		722E0B752996BC0000779DBB /* TagSectionHeader.swift in Sources */ = {isa = PBXBuildFile; fileRef = 722E0B672996BC0000779DBB /* TagSectionHeader.swift */; };
		722E0B762996BC0000779DBB /* TagTableHeader.swift in Sources */ = {isa = PBXBuildFile; fileRef = 722E0B692996BC0000779DBB /* TagTableHeader.swift */; };
		722E0B772996BC0000779DBB /* TableViewController.swift in Sources */ = {isa = PBXBuildFile; fileRef = 722E0B6A2996BC0000779DBB /* TableViewController.swift */; };
		722E0B782996BC0000779DBB /* TableViewController.xib in Resources */ = {isa = PBXBuildFile; fileRef = 722E0B6B2996BC0000779DBB /* TableViewController.xib */; };
		722E0B7A2996BCEF00779DBB /* UIApplication+UIWindow.swift in Sources */ = {isa = PBXBuildFile; fileRef = 722E0B792996BCEF00779DBB /* UIApplication+UIWindow.swift */; };
		722E0B7C2996BD5700779DBB /* SubmitView.swift in Sources */ = {isa = PBXBuildFile; fileRef = 722E0B7B2996BD5700779DBB /* SubmitView.swift */; };
		722E0B7E2996BE3100779DBB /* ModalViewController.swift in Sources */ = {isa = PBXBuildFile; fileRef = 722E0B7D2996BE3100779DBB /* ModalViewController.swift */; };
		722E0B802996C66900779DBB /* UIView+CGSize.swift in Sources */ = {isa = PBXBuildFile; fileRef = 722E0B7F2996C66900779DBB /* UIView+CGSize.swift */; };
		722E0B822996C82800779DBB /* UINib+UICollectionViewCell.swift in Sources */ = {isa = PBXBuildFile; fileRef = 722E0B812996C82800779DBB /* UINib+UICollectionViewCell.swift */; };
		722E0B842996C93200779DBB /* UICollectionView.swift in Sources */ = {isa = PBXBuildFile; fileRef = 722E0B832996C93200779DBB /* UICollectionView.swift */; };
		722E0B872996D03B00779DBB /* LoopScrollModel.swift in Sources */ = {isa = PBXBuildFile; fileRef = 722E0B862996D03B00779DBB /* LoopScrollModel.swift */; };
		722E0B892996D05300779DBB /* LayoutType.swift in Sources */ = {isa = PBXBuildFile; fileRef = 722E0B882996D05300779DBB /* LayoutType.swift */; };
		722E0B8B2996D06100779DBB /* CollectionViewConfiguration.swift in Sources */ = {isa = PBXBuildFile; fileRef = 722E0B8A2996D06100779DBB /* CollectionViewConfiguration.swift */; };
		722E0B8D2996D0E400779DBB /* LoopScrollManagerDelegate.swift in Sources */ = {isa = PBXBuildFile; fileRef = 722E0B8C2996D0E400779DBB /* LoopScrollManagerDelegate.swift */; };
		722E0B8F2996D17200779DBB /* Double+CGFloat.swift in Sources */ = {isa = PBXBuildFile; fileRef = 722E0B8E2996D17200779DBB /* Double+CGFloat.swift */; };
		722E0B912996D17A00779DBB /* Int+CGFloat.swift in Sources */ = {isa = PBXBuildFile; fileRef = 722E0B902996D17A00779DBB /* Int+CGFloat.swift */; };
/* End PBXBuildFile section */

/* Begin PBXFileReference section */
		722E0B202996B9D900779DBB /* Surf.app */ = {isa = PBXFileReference; explicitFileType = wrapper.application; includeInIndex = 0; path = Surf.app; sourceTree = BUILT_PRODUCTS_DIR; };
		722E0B232996B9D900779DBB /* AppDelegate.swift */ = {isa = PBXFileReference; lastKnownFileType = sourcecode.swift; path = AppDelegate.swift; sourceTree = "<group>"; };
		722E0B252996B9D900779DBB /* SceneDelegate.swift */ = {isa = PBXFileReference; lastKnownFileType = sourcecode.swift; path = SceneDelegate.swift; sourceTree = "<group>"; };
		722E0B2C2996B9DB00779DBB /* Assets.xcassets */ = {isa = PBXFileReference; lastKnownFileType = folder.assetcatalog; path = Assets.xcassets; sourceTree = "<group>"; };
		722E0B2F2996B9DB00779DBB /* Base */ = {isa = PBXFileReference; lastKnownFileType = file.storyboard; name = Base; path = Base.lproj/LaunchScreen.storyboard; sourceTree = "<group>"; };
		722E0B312996B9DB00779DBB /* Info.plist */ = {isa = PBXFileReference; lastKnownFileType = text.plist.xml; path = Info.plist; sourceTree = "<group>"; };
		722E0B3C2996BB9C00779DBB /* Array.swift */ = {isa = PBXFileReference; fileEncoding = 4; lastKnownFileType = sourcecode.swift; path = Array.swift; sourceTree = "<group>"; };
		722E0B3D2996BB9C00779DBB /* UITableView.swift */ = {isa = PBXFileReference; fileEncoding = 4; lastKnownFileType = sourcecode.swift; path = UITableView.swift; sourceTree = "<group>"; };
		722E0B412996BBA200779DBB /* SectionTag.swift */ = {isa = PBXFileReference; fileEncoding = 4; lastKnownFileType = sourcecode.swift; path = SectionTag.swift; sourceTree = "<group>"; };
		722E0B432996BBA200779DBB /* UIColor+HEX.swift */ = {isa = PBXFileReference; fileEncoding = 4; lastKnownFileType = sourcecode.swift; path = "UIColor+HEX.swift"; sourceTree = "<group>"; };
		722E0B452996BBA200779DBB /* Color.swift */ = {isa = PBXFileReference; fileEncoding = 4; lastKnownFileType = sourcecode.swift; path = Color.swift; sourceTree = "<group>"; };
		722E0B462996BBA200779DBB /* TagDatabase.swift */ = {isa = PBXFileReference; fileEncoding = 4; lastKnownFileType = sourcecode.swift; path = TagDatabase.swift; sourceTree = "<group>"; };
		722E0B482996BBA200779DBB /* TagViewModel+Color.swift */ = {isa = PBXFileReference; fileEncoding = 4; lastKnownFileType = sourcecode.swift; path = "TagViewModel+Color.swift"; sourceTree = "<group>"; };
		722E0B492996BBA200779DBB /* TagViewModel+LoopScrollModel.swift */ = {isa = PBXFileReference; fileEncoding = 4; lastKnownFileType = sourcecode.swift; path = "TagViewModel+LoopScrollModel.swift"; sourceTree = "<group>"; };
		722E0B4A2996BBA200779DBB /* TagViewModel.swift */ = {isa = PBXFileReference; fileEncoding = 4; lastKnownFileType = sourcecode.swift; path = TagViewModel.swift; sourceTree = "<group>"; };
		722E0B4B2996BBA200779DBB /* TagSectionViewModel.swift */ = {isa = PBXFileReference; fileEncoding = 4; lastKnownFileType = sourcecode.swift; path = TagSectionViewModel.swift; sourceTree = "<group>"; };
		722E0B592996BC0000779DBB /* CollectionViewCell.swift */ = {isa = PBXFileReference; fileEncoding = 4; lastKnownFileType = sourcecode.swift; path = CollectionViewCell.swift; sourceTree = "<group>"; };
		722E0B5A2996BC0000779DBB /* CollectionViewCell.xib */ = {isa = PBXFileReference; fileEncoding = 4; lastKnownFileType = file.xib; path = CollectionViewCell.xib; sourceTree = "<group>"; };
		722E0B5C2996BC0000779DBB /* FlexibleAreaCell.swift */ = {isa = PBXFileReference; fileEncoding = 4; lastKnownFileType = sourcecode.swift; path = FlexibleAreaCell.swift; sourceTree = "<group>"; };
		722E0B5D2996BC0000779DBB /* FlexibleAreaCell.xib */ = {isa = PBXFileReference; fileEncoding = 4; lastKnownFileType = file.xib; path = FlexibleAreaCell.xib; sourceTree = "<group>"; };
		722E0B5F2996BC0000779DBB /* LeftAlignCollectionViewFlowLayout.swift */ = {isa = PBXFileReference; fileEncoding = 4; lastKnownFileType = sourcecode.swift; path = LeftAlignCollectionViewFlowLayout.swift; sourceTree = "<group>"; };
		722E0B602996BC0000779DBB /* HorizontalDynamicItemWidthFlowLayout.swift */ = {isa = PBXFileReference; fileEncoding = 4; lastKnownFileType = sourcecode.swift; path = HorizontalDynamicItemWidthFlowLayout.swift; sourceTree = "<group>"; };
		722E0B622996BC0000779DBB /* HorizontalScrollCell.swift */ = {isa = PBXFileReference; fileEncoding = 4; lastKnownFileType = sourcecode.swift; path = HorizontalScrollCell.swift; sourceTree = "<group>"; };
		722E0B632996BC0000779DBB /* HorizontalScrollCell.xib */ = {isa = PBXFileReference; fileEncoding = 4; lastKnownFileType = file.xib; path = HorizontalScrollCell.xib; sourceTree = "<group>"; };
		722E0B642996BC0000779DBB /* CollectionLoopScrollManager.swift */ = {isa = PBXFileReference; fileEncoding = 4; lastKnownFileType = sourcecode.swift; path = CollectionLoopScrollManager.swift; sourceTree = "<group>"; };
		722E0B672996BC0000779DBB /* TagSectionHeader.swift */ = {isa = PBXFileReference; fileEncoding = 4; lastKnownFileType = sourcecode.swift; path = TagSectionHeader.swift; sourceTree = "<group>"; };
		722E0B692996BC0000779DBB /* TagTableHeader.swift */ = {isa = PBXFileReference; fileEncoding = 4; lastKnownFileType = sourcecode.swift; path = TagTableHeader.swift; sourceTree = "<group>"; };
		722E0B6A2996BC0000779DBB /* TableViewController.swift */ = {isa = PBXFileReference; fileEncoding = 4; lastKnownFileType = sourcecode.swift; path = TableViewController.swift; sourceTree = "<group>"; };
		722E0B6B2996BC0000779DBB /* TableViewController.xib */ = {isa = PBXFileReference; fileEncoding = 4; lastKnownFileType = file.xib; path = TableViewController.xib; sourceTree = "<group>"; };
		722E0B792996BCEF00779DBB /* UIApplication+UIWindow.swift */ = {isa = PBXFileReference; fileEncoding = 4; lastKnownFileType = sourcecode.swift; path = "UIApplication+UIWindow.swift"; sourceTree = "<group>"; };
		722E0B7B2996BD5700779DBB /* SubmitView.swift */ = {isa = PBXFileReference; fileEncoding = 4; lastKnownFileType = sourcecode.swift; path = SubmitView.swift; sourceTree = "<group>"; };
		722E0B7D2996BE3100779DBB /* ModalViewController.swift */ = {isa = PBXFileReference; fileEncoding = 4; lastKnownFileType = sourcecode.swift; path = ModalViewController.swift; sourceTree = "<group>"; };
		722E0B7F2996C66900779DBB /* UIView+CGSize.swift */ = {isa = PBXFileReference; lastKnownFileType = sourcecode.swift; path = "UIView+CGSize.swift"; sourceTree = "<group>"; };
		722E0B812996C82800779DBB /* UINib+UICollectionViewCell.swift */ = {isa = PBXFileReference; lastKnownFileType = sourcecode.swift; path = "UINib+UICollectionViewCell.swift"; sourceTree = "<group>"; };
		722E0B832996C93200779DBB /* UICollectionView.swift */ = {isa = PBXFileReference; lastKnownFileType = sourcecode.swift; path = UICollectionView.swift; sourceTree = "<group>"; };
		722E0B862996D03B00779DBB /* LoopScrollModel.swift */ = {isa = PBXFileReference; lastKnownFileType = sourcecode.swift; path = LoopScrollModel.swift; sourceTree = "<group>"; };
		722E0B882996D05300779DBB /* LayoutType.swift */ = {isa = PBXFileReference; lastKnownFileType = sourcecode.swift; path = LayoutType.swift; sourceTree = "<group>"; };
		722E0B8A2996D06100779DBB /* CollectionViewConfiguration.swift */ = {isa = PBXFileReference; lastKnownFileType = sourcecode.swift; path = CollectionViewConfiguration.swift; sourceTree = "<group>"; };
		722E0B8C2996D0E400779DBB /* LoopScrollManagerDelegate.swift */ = {isa = PBXFileReference; lastKnownFileType = sourcecode.swift; path = LoopScrollManagerDelegate.swift; sourceTree = "<group>"; };
		722E0B8E2996D17200779DBB /* Double+CGFloat.swift */ = {isa = PBXFileReference; lastKnownFileType = sourcecode.swift; path = "Double+CGFloat.swift"; sourceTree = "<group>"; };
		722E0B902996D17A00779DBB /* Int+CGFloat.swift */ = {isa = PBXFileReference; lastKnownFileType = sourcecode.swift; path = "Int+CGFloat.swift"; sourceTree = "<group>"; };
/* End PBXFileReference section */

/* Begin PBXFrameworksBuildPhase section */
		722E0B1D2996B9D900779DBB /* Frameworks */ = {
			isa = PBXFrameworksBuildPhase;
			buildActionMask = 2147483647;
			files = (
			);
			runOnlyForDeploymentPostprocessing = 0;
		};
/* End PBXFrameworksBuildPhase section */

/* Begin PBXGroup section */
		722E0B172996B9D900779DBB = {
			isa = PBXGroup;
			children = (
				722E0B222996B9D900779DBB /* Surf */,
				722E0B212996B9D900779DBB /* Products */,
			);
			sourceTree = "<group>";
		};
		722E0B212996B9D900779DBB /* Products */ = {
			isa = PBXGroup;
			children = (
				722E0B202996B9D900779DBB /* Surf.app */,
			);
			name = Products;
			sourceTree = "<group>";
		};
		722E0B222996B9D900779DBB /* Surf */ = {
			isa = PBXGroup;
			children = (
				722E0B402996BBA200779DBB /* Models */,
				722E0B372996BA7400779DBB /* Sources */,
				722E0B3B2996BB9C00779DBB /* Extensions */,
				722E0B392996BA8800779DBB /* Modules */,
				722E0B382996BA7C00779DBB /* Settings */,
			);
			path = Surf;
			sourceTree = "<group>";
		};
		722E0B372996BA7400779DBB /* Sources */ = {
			isa = PBXGroup;
			children = (
				722E0B2C2996B9DB00779DBB /* Assets.xcassets */,
			);
			path = Sources;
			sourceTree = "<group>";
		};
		722E0B382996BA7C00779DBB /* Settings */ = {
			isa = PBXGroup;
			children = (
				722E0B312996B9DB00779DBB /* Info.plist */,
				722E0B232996B9D900779DBB /* AppDelegate.swift */,
				722E0B252996B9D900779DBB /* SceneDelegate.swift */,
			);
			path = Settings;
			sourceTree = "<group>";
		};
		722E0B392996BA8800779DBB /* Modules */ = {
			isa = PBXGroup;
			children = (
				722E0B3A2996BA9100779DBB /* Launch */,
				722E0B552996BC0000779DBB /* Surf */,
			);
			path = Modules;
			sourceTree = "<group>";
		};
		722E0B3A2996BA9100779DBB /* Launch */ = {
			isa = PBXGroup;
			children = (
				722E0B2E2996B9DB00779DBB /* LaunchScreen.storyboard */,
			);
			path = Launch;
			sourceTree = "<group>";
		};
		722E0B3B2996BB9C00779DBB /* Extensions */ = {
			isa = PBXGroup;
			children = (
				722E0B3C2996BB9C00779DBB /* Array.swift */,
				722E0B3D2996BB9C00779DBB /* UITableView.swift */,
				722E0B792996BCEF00779DBB /* UIApplication+UIWindow.swift */,
				722E0B7F2996C66900779DBB /* UIView+CGSize.swift */,
				722E0B812996C82800779DBB /* UINib+UICollectionViewCell.swift */,
				722E0B832996C93200779DBB /* UICollectionView.swift */,
				722E0B8E2996D17200779DBB /* Double+CGFloat.swift */,
				722E0B902996D17A00779DBB /* Int+CGFloat.swift */,
			);
			path = Extensions;
			sourceTree = "<group>";
		};
		722E0B402996BBA200779DBB /* Models */ = {
			isa = PBXGroup;
			children = (
				722E0B422996BBA200779DBB /* Color */,
				722E0B472996BBA200779DBB /* TagViewModel */,
				722E0B412996BBA200779DBB /* SectionTag.swift */,
				722E0B462996BBA200779DBB /* TagDatabase.swift */,
				722E0B4B2996BBA200779DBB /* TagSectionViewModel.swift */,
			);
			path = Models;
			sourceTree = "<group>";
		};
		722E0B422996BBA200779DBB /* Color */ = {
			isa = PBXGroup;
			children = (
				722E0B452996BBA200779DBB /* Color.swift */,
				722E0B432996BBA200779DBB /* UIColor+HEX.swift */,
			);
			path = Color;
			sourceTree = "<group>";
		};
		722E0B472996BBA200779DBB /* TagViewModel */ = {
			isa = PBXGroup;
			children = (
				722E0B482996BBA200779DBB /* TagViewModel+Color.swift */,
				722E0B492996BBA200779DBB /* TagViewModel+LoopScrollModel.swift */,
				722E0B4A2996BBA200779DBB /* TagViewModel.swift */,
			);
			path = TagViewModel;
			sourceTree = "<group>";
		};
		722E0B552996BC0000779DBB /* Surf */ = {
			isa = PBXGroup;
			children = (
				722E0B562996BC0000779DBB /* Views */,
				722E0B6A2996BC0000779DBB /* TableViewController.swift */,
				722E0B6B2996BC0000779DBB /* TableViewController.xib */,
				722E0B7D2996BE3100779DBB /* ModalViewController.swift */,
			);
			path = Surf;
			sourceTree = "<group>";
		};
		722E0B562996BC0000779DBB /* Views */ = {
			isa = PBXGroup;
			children = (
				722E0B7B2996BD5700779DBB /* SubmitView.swift */,
				722E0B572996BC0000779DBB /* Cells */,
				722E0B652996BC0000779DBB /* Headers */,
			);
			path = Views;
			sourceTree = "<group>";
		};
		722E0B572996BC0000779DBB /* Cells */ = {
			isa = PBXGroup;
			children = (
				722E0B582996BC0000779DBB /* CollectionCell */,
				722E0B5B2996BC0000779DBB /* FlexibleAreaCell */,
				722E0B612996BC0000779DBB /* HorizontalScrollCell */,
			);
			path = Cells;
			sourceTree = "<group>";
		};
		722E0B582996BC0000779DBB /* CollectionCell */ = {
			isa = PBXGroup;
			children = (
				722E0B592996BC0000779DBB /* CollectionViewCell.swift */,
				722E0B5A2996BC0000779DBB /* CollectionViewCell.xib */,
			);
			path = CollectionCell;
			sourceTree = "<group>";
		};
		722E0B5B2996BC0000779DBB /* FlexibleAreaCell */ = {
			isa = PBXGroup;
			children = (
				722E0B5C2996BC0000779DBB /* FlexibleAreaCell.swift */,
				722E0B5D2996BC0000779DBB /* FlexibleAreaCell.xib */,
				722E0B5E2996BC0000779DBB /* Layouts */,
			);
			path = FlexibleAreaCell;
			sourceTree = "<group>";
		};
		722E0B5E2996BC0000779DBB /* Layouts */ = {
			isa = PBXGroup;
			children = (
				722E0B5F2996BC0000779DBB /* LeftAlignCollectionViewFlowLayout.swift */,
				722E0B602996BC0000779DBB /* HorizontalDynamicItemWidthFlowLayout.swift */,
			);
			path = Layouts;
			sourceTree = "<group>";
		};
		722E0B612996BC0000779DBB /* HorizontalScrollCell */ = {
			isa = PBXGroup;
			children = (
				722E0B852996D02C00779DBB /* LoopScroll */,
				722E0B622996BC0000779DBB /* HorizontalScrollCell.swift */,
				722E0B632996BC0000779DBB /* HorizontalScrollCell.xib */,
			);
			path = HorizontalScrollCell;
			sourceTree = "<group>";
		};
		722E0B652996BC0000779DBB /* Headers */ = {
			isa = PBXGroup;
			children = (
				722E0B662996BC0000779DBB /* Section */,
				722E0B682996BC0000779DBB /* Table */,
			);
			path = Headers;
			sourceTree = "<group>";
		};
		722E0B662996BC0000779DBB /* Section */ = {
			isa = PBXGroup;
			children = (
				722E0B672996BC0000779DBB /* TagSectionHeader.swift */,
			);
			path = Section;
			sourceTree = "<group>";
		};
		722E0B682996BC0000779DBB /* Table */ = {
			isa = PBXGroup;
			children = (
				722E0B692996BC0000779DBB /* TagTableHeader.swift */,
			);
			path = Table;
			sourceTree = "<group>";
		};
		722E0B852996D02C00779DBB /* LoopScroll */ = {
			isa = PBXGroup;
			children = (
				722E0B862996D03B00779DBB /* LoopScrollModel.swift */,
				722E0B882996D05300779DBB /* LayoutType.swift */,
				722E0B8A2996D06100779DBB /* CollectionViewConfiguration.swift */,
				722E0B8C2996D0E400779DBB /* LoopScrollManagerDelegate.swift */,
				722E0B642996BC0000779DBB /* CollectionLoopScrollManager.swift */,
			);
			path = LoopScroll;
			sourceTree = "<group>";
		};
/* End PBXGroup section */

/* Begin PBXNativeTarget section */
		722E0B1F2996B9D900779DBB /* Surf */ = {
			isa = PBXNativeTarget;
			buildConfigurationList = 722E0B342996B9DB00779DBB /* Build configuration list for PBXNativeTarget "Surf" */;
			buildPhases = (
				722E0B1C2996B9D900779DBB /* Sources */,
				722E0B1D2996B9D900779DBB /* Frameworks */,
				722E0B1E2996B9D900779DBB /* Resources */,
			);
			buildRules = (
			);
			dependencies = (
			);
			name = Surf;
			productName = Surf;
			productReference = 722E0B202996B9D900779DBB /* Surf.app */;
			productType = "com.apple.product-type.application";
		};
/* End PBXNativeTarget section */

/* Begin PBXProject section */
		722E0B182996B9D900779DBB /* Project object */ = {
			isa = PBXProject;
			attributes = {
				BuildIndependentTargetsInParallel = 1;
				LastSwiftUpdateCheck = 1420;
				LastUpgradeCheck = 1420;
				TargetAttributes = {
					722E0B1F2996B9D900779DBB = {
						CreatedOnToolsVersion = 14.2;
					};
				};
			};
			buildConfigurationList = 722E0B1B2996B9D900779DBB /* Build configuration list for PBXProject "Surf" */;
			compatibilityVersion = "Xcode 14.0";
			developmentRegion = en;
			hasScannedForEncodings = 0;
			knownRegions = (
				en,
				Base,
			);
			mainGroup = 722E0B172996B9D900779DBB;
			productRefGroup = 722E0B212996B9D900779DBB /* Products */;
			projectDirPath = "";
			projectRoot = "";
			targets = (
				722E0B1F2996B9D900779DBB /* Surf */,
			);
		};
/* End PBXProject section */

/* Begin PBXResourcesBuildPhase section */
		722E0B1E2996B9D900779DBB /* Resources */ = {
			isa = PBXResourcesBuildPhase;
			buildActionMask = 2147483647;
			files = (
				722E0B302996B9DB00779DBB /* LaunchScreen.storyboard in Resources */,
				722E0B6F2996BC0000779DBB /* FlexibleAreaCell.xib in Resources */,
				722E0B732996BC0000779DBB /* HorizontalScrollCell.xib in Resources */,
				722E0B782996BC0000779DBB /* TableViewController.xib in Resources */,
				722E0B2D2996B9DB00779DBB /* Assets.xcassets in Resources */,
				722E0B6D2996BC0000779DBB /* CollectionViewCell.xib in Resources */,
			);
			runOnlyForDeploymentPostprocessing = 0;
		};
/* End PBXResourcesBuildPhase section */

/* Begin PBXSourcesBuildPhase section */
		722E0B1C2996B9D900779DBB /* Sources */ = {
			isa = PBXSourcesBuildPhase;
			buildActionMask = 2147483647;
			files = (
				722E0B8D2996D0E400779DBB /* LoopScrollManagerDelegate.swift in Sources */,
				722E0B3E2996BB9C00779DBB /* Array.swift in Sources */,
				722E0B8F2996D17200779DBB /* Double+CGFloat.swift in Sources */,
				722E0B4D2996BBA200779DBB /* UIColor+HEX.swift in Sources */,
				722E0B542996BBA200779DBB /* TagSectionViewModel.swift in Sources */,
				722E0B752996BC0000779DBB /* TagSectionHeader.swift in Sources */,
				722E0B742996BC0000779DBB /* CollectionLoopScrollManager.swift in Sources */,
				722E0B4C2996BBA200779DBB /* SectionTag.swift in Sources */,
				722E0B702996BC0000779DBB /* LeftAlignCollectionViewFlowLayout.swift in Sources */,
				722E0B722996BC0000779DBB /* HorizontalScrollCell.swift in Sources */,
				722E0B762996BC0000779DBB /* TagTableHeader.swift in Sources */,
				722E0B3F2996BB9C00779DBB /* UITableView.swift in Sources */,
				722E0B532996BBA200779DBB /* TagViewModel.swift in Sources */,
				722E0B6E2996BC0000779DBB /* FlexibleAreaCell.swift in Sources */,
				722E0B842996C93200779DBB /* UICollectionView.swift in Sources */,
				722E0B512996BBA200779DBB /* TagViewModel+Color.swift in Sources */,
				722E0B502996BBA200779DBB /* TagDatabase.swift in Sources */,
				722E0B4F2996BBA200779DBB /* Color.swift in Sources */,
				722E0B912996D17A00779DBB /* Int+CGFloat.swift in Sources */,
				722E0B6C2996BC0000779DBB /* CollectionViewCell.swift in Sources */,
				722E0B7E2996BE3100779DBB /* ModalViewController.swift in Sources */,
				722E0B802996C66900779DBB /* UIView+CGSize.swift in Sources */,
				722E0B772996BC0000779DBB /* TableViewController.swift in Sources */,
				722E0B712996BC0000779DBB /* HorizontalDynamicItemWidthFlowLayout.swift in Sources */,
				722E0B822996C82800779DBB /* UINib+UICollectionViewCell.swift in Sources */,
				722E0B892996D05300779DBB /* LayoutType.swift in Sources */,
				722E0B522996BBA200779DBB /* TagViewModel+LoopScrollModel.swift in Sources */,
				722E0B242996B9D900779DBB /* AppDelegate.swift in Sources */,
				722E0B7A2996BCEF00779DBB /* UIApplication+UIWindow.swift in Sources */,
				722E0B7C2996BD5700779DBB /* SubmitView.swift in Sources */,
				722E0B8B2996D06100779DBB /* CollectionViewConfiguration.swift in Sources */,
				722E0B872996D03B00779DBB /* LoopScrollModel.swift in Sources */,
				722E0B262996B9D900779DBB /* SceneDelegate.swift in Sources */,
			);
			runOnlyForDeploymentPostprocessing = 0;
		};
/* End PBXSourcesBuildPhase section */

/* Begin PBXVariantGroup section */
		722E0B2E2996B9DB00779DBB /* LaunchScreen.storyboard */ = {
			isa = PBXVariantGroup;
			children = (
				722E0B2F2996B9DB00779DBB /* Base */,
			);
			name = LaunchScreen.storyboard;
			sourceTree = "<group>";
		};
/* End PBXVariantGroup section */

/* Begin XCBuildConfiguration section */
		722E0B322996B9DB00779DBB /* Debug */ = {
			isa = XCBuildConfiguration;
			buildSettings = {
				ALWAYS_SEARCH_USER_PATHS = NO;
				CLANG_ANALYZER_NONNULL = YES;
				CLANG_ANALYZER_NUMBER_OBJECT_CONVERSION = YES_AGGRESSIVE;
				CLANG_CXX_LANGUAGE_STANDARD = "gnu++20";
				CLANG_ENABLE_MODULES = YES;
				CLANG_ENABLE_OBJC_ARC = YES;
				CLANG_ENABLE_OBJC_WEAK = YES;
				CLANG_WARN_BLOCK_CAPTURE_AUTORELEASING = YES;
				CLANG_WARN_BOOL_CONVERSION = YES;
				CLANG_WARN_COMMA = YES;
				CLANG_WARN_CONSTANT_CONVERSION = YES;
				CLANG_WARN_DEPRECATED_OBJC_IMPLEMENTATIONS = YES;
				CLANG_WARN_DIRECT_OBJC_ISA_USAGE = YES_ERROR;
				CLANG_WARN_DOCUMENTATION_COMMENTS = YES;
				CLANG_WARN_EMPTY_BODY = YES;
				CLANG_WARN_ENUM_CONVERSION = YES;
				CLANG_WARN_INFINITE_RECURSION = YES;
				CLANG_WARN_INT_CONVERSION = YES;
				CLANG_WARN_NON_LITERAL_NULL_CONVERSION = YES;
				CLANG_WARN_OBJC_IMPLICIT_RETAIN_SELF = YES;
				CLANG_WARN_OBJC_LITERAL_CONVERSION = YES;
				CLANG_WARN_OBJC_ROOT_CLASS = YES_ERROR;
				CLANG_WARN_QUOTED_INCLUDE_IN_FRAMEWORK_HEADER = YES;
				CLANG_WARN_RANGE_LOOP_ANALYSIS = YES;
				CLANG_WARN_STRICT_PROTOTYPES = YES;
				CLANG_WARN_SUSPICIOUS_MOVE = YES;
				CLANG_WARN_UNGUARDED_AVAILABILITY = YES_AGGRESSIVE;
				CLANG_WARN_UNREACHABLE_CODE = YES;
				CLANG_WARN__DUPLICATE_METHOD_MATCH = YES;
				COPY_PHASE_STRIP = NO;
				DEBUG_INFORMATION_FORMAT = dwarf;
				ENABLE_STRICT_OBJC_MSGSEND = YES;
				ENABLE_TESTABILITY = YES;
				GCC_C_LANGUAGE_STANDARD = gnu11;
				GCC_DYNAMIC_NO_PIC = NO;
				GCC_NO_COMMON_BLOCKS = YES;
				GCC_OPTIMIZATION_LEVEL = 0;
				GCC_PREPROCESSOR_DEFINITIONS = (
					"DEBUG=1",
					"$(inherited)",
				);
				GCC_WARN_64_TO_32_BIT_CONVERSION = YES;
				GCC_WARN_ABOUT_RETURN_TYPE = YES_ERROR;
				GCC_WARN_UNDECLARED_SELECTOR = YES;
				GCC_WARN_UNINITIALIZED_AUTOS = YES_AGGRESSIVE;
				GCC_WARN_UNUSED_FUNCTION = YES;
				GCC_WARN_UNUSED_VARIABLE = YES;
				IPHONEOS_DEPLOYMENT_TARGET = 16.0;
				MTL_ENABLE_DEBUG_INFO = INCLUDE_SOURCE;
				MTL_FAST_MATH = YES;
				ONLY_ACTIVE_ARCH = YES;
				SDKROOT = iphoneos;
				SWIFT_ACTIVE_COMPILATION_CONDITIONS = DEBUG;
				SWIFT_OPTIMIZATION_LEVEL = "-Onone";
			};
			name = Debug;
		};
		722E0B332996B9DB00779DBB /* Release */ = {
			isa = XCBuildConfiguration;
			buildSettings = {
				ALWAYS_SEARCH_USER_PATHS = NO;
				CLANG_ANALYZER_NONNULL = YES;
				CLANG_ANALYZER_NUMBER_OBJECT_CONVERSION = YES_AGGRESSIVE;
				CLANG_CXX_LANGUAGE_STANDARD = "gnu++20";
				CLANG_ENABLE_MODULES = YES;
				CLANG_ENABLE_OBJC_ARC = YES;
				CLANG_ENABLE_OBJC_WEAK = YES;
				CLANG_WARN_BLOCK_CAPTURE_AUTORELEASING = YES;
				CLANG_WARN_BOOL_CONVERSION = YES;
				CLANG_WARN_COMMA = YES;
				CLANG_WARN_CONSTANT_CONVERSION = YES;
				CLANG_WARN_DEPRECATED_OBJC_IMPLEMENTATIONS = YES;
				CLANG_WARN_DIRECT_OBJC_ISA_USAGE = YES_ERROR;
				CLANG_WARN_DOCUMENTATION_COMMENTS = YES;
				CLANG_WARN_EMPTY_BODY = YES;
				CLANG_WARN_ENUM_CONVERSION = YES;
				CLANG_WARN_INFINITE_RECURSION = YES;
				CLANG_WARN_INT_CONVERSION = YES;
				CLANG_WARN_NON_LITERAL_NULL_CONVERSION = YES;
				CLANG_WARN_OBJC_IMPLICIT_RETAIN_SELF = YES;
				CLANG_WARN_OBJC_LITERAL_CONVERSION = YES;
				CLANG_WARN_OBJC_ROOT_CLASS = YES_ERROR;
				CLANG_WARN_QUOTED_INCLUDE_IN_FRAMEWORK_HEADER = YES;
				CLANG_WARN_RANGE_LOOP_ANALYSIS = YES;
				CLANG_WARN_STRICT_PROTOTYPES = YES;
				CLANG_WARN_SUSPICIOUS_MOVE = YES;
				CLANG_WARN_UNGUARDED_AVAILABILITY = YES_AGGRESSIVE;
				CLANG_WARN_UNREACHABLE_CODE = YES;
				CLANG_WARN__DUPLICATE_METHOD_MATCH = YES;
				COPY_PHASE_STRIP = NO;
				DEBUG_INFORMATION_FORMAT = "dwarf-with-dsym";
				ENABLE_NS_ASSERTIONS = NO;
				ENABLE_STRICT_OBJC_MSGSEND = YES;
				GCC_C_LANGUAGE_STANDARD = gnu11;
				GCC_NO_COMMON_BLOCKS = YES;
				GCC_WARN_64_TO_32_BIT_CONVERSION = YES;
				GCC_WARN_ABOUT_RETURN_TYPE = YES_ERROR;
				GCC_WARN_UNDECLARED_SELECTOR = YES;
				GCC_WARN_UNINITIALIZED_AUTOS = YES_AGGRESSIVE;
				GCC_WARN_UNUSED_FUNCTION = YES;
				GCC_WARN_UNUSED_VARIABLE = YES;
				IPHONEOS_DEPLOYMENT_TARGET = 16.0;
				MTL_ENABLE_DEBUG_INFO = NO;
				MTL_FAST_MATH = YES;
				SDKROOT = iphoneos;
				SWIFT_COMPILATION_MODE = wholemodule;
				SWIFT_OPTIMIZATION_LEVEL = "-O";
				VALIDATE_PRODUCT = YES;
			};
			name = Release;
		};
		722E0B352996B9DB00779DBB /* Debug */ = {
			isa = XCBuildConfiguration;
			buildSettings = {
				ASSETCATALOG_COMPILER_APPICON_NAME = AppIcon;
				ASSETCATALOG_COMPILER_GLOBAL_ACCENT_COLOR_NAME = AccentColor;
				CODE_SIGN_STYLE = Automatic;
				CURRENT_PROJECT_VERSION = 1;
				DEVELOPMENT_TEAM = LBVN78S2VY;
				GENERATE_INFOPLIST_FILE = YES;
				INFOPLIST_FILE = Surf/Settings/Info.plist;
				INFOPLIST_KEY_LSApplicationCategoryType = "public.app-category.utilities";
				INFOPLIST_KEY_UIApplicationSupportsIndirectInputEvents = YES;
				INFOPLIST_KEY_UILaunchStoryboardName = LaunchScreen;
				INFOPLIST_KEY_UISupportedInterfaceOrientations = UIInterfaceOrientationPortrait;
				LD_RUNPATH_SEARCH_PATHS = (
					"$(inherited)",
					"@executable_path/Frameworks",
				);
				MARKETING_VERSION = 1.0;
				PRODUCT_BUNDLE_IDENTIFIER = com.example.Surf;
				PRODUCT_NAME = "$(TARGET_NAME)";
				SWIFT_EMIT_LOC_STRINGS = YES;
				SWIFT_VERSION = 5.0;
				TARGETED_DEVICE_FAMILY = "1,2";
			};
			name = Debug;
		};
		722E0B362996B9DB00779DBB /* Release */ = {
			isa = XCBuildConfiguration;
			buildSettings = {
				ASSETCATALOG_COMPILER_APPICON_NAME = AppIcon;
				ASSETCATALOG_COMPILER_GLOBAL_ACCENT_COLOR_NAME = AccentColor;
				CODE_SIGN_STYLE = Automatic;
				CURRENT_PROJECT_VERSION = 1;
				DEVELOPMENT_TEAM = LBVN78S2VY;
				GENERATE_INFOPLIST_FILE = YES;
				INFOPLIST_FILE = Surf/Settings/Info.plist;
				INFOPLIST_KEY_LSApplicationCategoryType = "public.app-category.utilities";
				INFOPLIST_KEY_UIApplicationSupportsIndirectInputEvents = YES;
				INFOPLIST_KEY_UILaunchStoryboardName = LaunchScreen;
				INFOPLIST_KEY_UISupportedInterfaceOrientations = UIInterfaceOrientationPortrait;
				LD_RUNPATH_SEARCH_PATHS = (
					"$(inherited)",
					"@executable_path/Frameworks",
				);
				MARKETING_VERSION = 1.0;
				PRODUCT_BUNDLE_IDENTIFIER = com.example.Surf;
				PRODUCT_NAME = "$(TARGET_NAME)";
				SWIFT_EMIT_LOC_STRINGS = YES;
				SWIFT_VERSION = 5.0;
				TARGETED_DEVICE_FAMILY = "1,2";
			};
			name = Release;
		};
/* End XCBuildConfiguration section */

/* Begin XCConfigurationList section */
		722E0B1B2996B9D900779DBB /* Build configuration list for PBXProject "Surf" */ = {
			isa = XCConfigurationList;
			buildConfigurations = (
				722E0B322996B9DB00779DBB /* Debug */,
				722E0B332996B9DB00779DBB /* Release */,
			);
			defaultConfigurationIsVisible = 0;
			defaultConfigurationName = Release;
		};
		722E0B342996B9DB00779DBB /* Build configuration list for PBXNativeTarget "Surf" */ = {
			isa = XCConfigurationList;
			buildConfigurations = (
				722E0B352996B9DB00779DBB /* Debug */,
				722E0B362996B9DB00779DBB /* Release */,
			);
			defaultConfigurationIsVisible = 0;
			defaultConfigurationName = Release;
		};
/* End XCConfigurationList section */
	};
	rootObject = 722E0B182996B9D900779DBB /* Project object */;
}
